
Microsoft Visual Studio Solution File, Format Version 12.00
# Visual Studio 2012
Project("{2150E333-8FDC-42A3-9474-1A3956D46DE8}") = "Base", "Base", "{86F186F8-BFA0-4AFB-AED5-51F22C5B9C07}"
EndProject
Project("{2150E333-8FDC-42A3-9474-1A3956D46DE8}") = "SoftWare", "SoftWare", "{900A3CB9-E081-4B9C-ABE9-981E7A27F436}"
EndProject
Project("{2150E333-8FDC-42A3-9474-1A3956D46DE8}") = "UnitTest", "UnitTest", "{F1953D3C-6B49-4180-801C-33CB49AA8002}"
EndProject
Project("{2150E333-8FDC-42A3-9474-1A3956D46DE8}") = "Storage", "Storage", "{3C3663D2-F524-4ABA-B43A-FE7ABD179DAB}"
EndProject
Project("{2150E333-8FDC-42A3-9474-1A3956D46DE8}") = "Stage", "Stage", "{FDA93636-18D9-46F5-B2A5-4FE8CB8AD197}"
EndProject
Project("{F088123C-0E9E-452A-89E6-6BA2F21D5CAC}") = "UnitOfWork", "UnitOfWork\UnitOfWork.modelproj", "{0D837E32-0495-4E17-8173-0F3FF65B9C12}"
EndProject
Project("{2150E333-8FDC-42A3-9474-1A3956D46DE8}") = "Study", "Study", "{ECD1879E-53BF-477B-A50A-19799BC7B283}"
	ProjectSection(SolutionItems) = preProject
		Note.doc = Note.doc
	EndProjectSection
EndProject
Project("{FAE04EC0-301F-11D3-BF4B-00C04F79EFBC}") = "MultiThreadAndLock", "MultiThreadAndLock\MultiThreadAndLock.csproj", "{718DD623-BCB1-418B-81C0-49B93C334CEB}"
EndProject
Project("{FAE04EC0-301F-11D3-BF4B-00C04F79EFBC}") = "ContosoUniversity", "ContosoUniversity\ContosoUniversity.csproj", "{E4087736-A1C4-48BD-AEED-62D88103BCBA}"
EndProject
Project("{FAE04EC0-301F-11D3-BF4B-00C04F79EFBC}") = "Mvc3Demo", "Mvc3Demo\Mvc3Demo.csproj", "{79B5E61C-BD73-41C5-8070-8CC9B9577DEE}"
EndProject
Project("{FAE04EC0-301F-11D3-BF4B-00C04F79EFBC}") = "CFInfrastructure", "CFInfrastructure\CFInfrastructure.csproj", "{6BB9EC24-B471-43DF-BA10-C6F933003241}"
EndProject
Project("{FAE04EC0-301F-11D3-BF4B-00C04F79EFBC}") = "SelfInfrastructure", "SelfInfrastructure\SelfInfrastructure.csproj", "{A8F08519-6B6D-46CC-A83A-891DEA942ABA}"
EndProject
Project("{FAE04EC0-301F-11D3-BF4B-00C04F79EFBC}") = "WhileLoop", "WhileLoop\WhileLoop.csproj", "{C683EDD6-CB7D-4438-87D1-812F24A60490}"
EndProject
Project("{2150E333-8FDC-42A3-9474-1A3956D46DE8}") = "Thread", "Thread", "{FE37FCC7-B7F3-483B-908D-63643293167A}"
EndProject
Project("{2150E333-8FDC-42A3-9474-1A3956D46DE8}") = "Wcf", "Wcf", "{5275C26E-F640-476C-9672-3BE4DFAE9795}"
EndProject
Project("{FAE04EC0-301F-11D3-BF4B-00C04F79EFBC}") = "WcfServiceLibraryDemo", "WcfServiceLibraryDemo\WcfServiceLibraryDemo.csproj", "{15B3E0D2-6217-493A-A690-158C497F5318}"
EndProject
Project("{FAE04EC0-301F-11D3-BF4B-00C04F79EFBC}") = "WindowsServiceWcfServiceLibraryVector", "WindowsServiceWcfServiceLibraryVector\WindowsServiceWcfServiceLibraryVector.csproj", "{8EDAFCD5-F9E1-4558-9452-D3ABBB8D65A2}"
	ProjectSection(ProjectDependencies) = postProject
		{15B3E0D2-6217-493A-A690-158C497F5318} = {15B3E0D2-6217-493A-A690-158C497F5318}
	EndProjectSection
EndProject
Project("{FAE04EC0-301F-11D3-BF4B-00C04F79EFBC}") = "WcfServiceLibrayWindowsFormsApplicationClient", "WcfServiceLibrayWindowsFormsApplicationClient\WcfServiceLibrayWindowsFormsApplicationClient.csproj", "{B918EF9C-7790-4B2D-AF7A-009265A535DC}"
	ProjectSection(ProjectDependencies) = postProject
		{15B3E0D2-6217-493A-A690-158C497F5318} = {15B3E0D2-6217-493A-A690-158C497F5318}
	EndProjectSection
EndProject
Project("{FAE04EC0-301F-11D3-BF4B-00C04F79EFBC}") = "WCFHelloWorld", "WCFHelloWorld\WCFHelloWorld.csproj", "{C9FC1B71-ABF7-424A-95B9-7FBCA13D1685}"
EndProject
Project("{FAE04EC0-301F-11D3-BF4B-00C04F79EFBC}") = "WCFHelloWorldClient", "WCFHelloWorldClient\WCFHelloWorldClient.csproj", "{45D324A2-22AD-485F-99EC-29C0BEBAD4AC}"
	ProjectSection(ProjectDependencies) = postProject
		{C9FC1B71-ABF7-424A-95B9-7FBCA13D1685} = {C9FC1B71-ABF7-424A-95B9-7FBCA13D1685}
	EndProjectSection
EndProject
Project("{FAE04EC0-301F-11D3-BF4B-00C04F79EFBC}") = "WCFSecondDemo", "WCFSecondDemo\WCFSecondDemo.csproj", "{64F0CF29-CCE9-430B-8B44-C1A8CA728A3F}"
EndProject
Project("{FAE04EC0-301F-11D3-BF4B-00C04F79EFBC}") = "WCFSecondClient", "WCFSecondClient\WCFSecondClient.csproj", "{B439DDC4-14B3-4771-A655-B42B7393810E}"
EndProject
Project("{2150E333-8FDC-42A3-9474-1A3956D46DE8}") = "EntityFrame", "EntityFrame", "{D9A22E7E-07E0-434F-83B2-56F2E27DE055}"
EndProject
Project("{FAE04EC0-301F-11D3-BF4B-00C04F79EFBC}") = "EntityFrameworkSelectMethod", "EntityFrameworkSelectMethod\EntityFrameworkSelectMethod.csproj", "{95CA306D-75BD-4855-9B91-86609DF67117}"
EndProject
Project("{FAE04EC0-301F-11D3-BF4B-00C04F79EFBC}") = "Reflection", "Reflection\Reflection.csproj", "{151C9037-2F93-4003-B8D2-B7079C2C90B6}"
EndProject
Global
	GlobalSection(SolutionConfigurationPlatforms) = preSolution
		Debug|Any CPU = Debug|Any CPU
		Release|Any CPU = Release|Any CPU
	EndGlobalSection
	GlobalSection(ProjectConfigurationPlatforms) = postSolution
		{0D837E32-0495-4E17-8173-0F3FF65B9C12}.Debug|Any CPU.ActiveCfg = Debug|Any CPU
		{0D837E32-0495-4E17-8173-0F3FF65B9C12}.Debug|Any CPU.Build.0 = Debug|Any CPU
		{0D837E32-0495-4E17-8173-0F3FF65B9C12}.Release|Any CPU.ActiveCfg = Release|Any CPU
		{0D837E32-0495-4E17-8173-0F3FF65B9C12}.Release|Any CPU.Build.0 = Release|Any CPU
		{718DD623-BCB1-418B-81C0-49B93C334CEB}.Debug|Any CPU.ActiveCfg = Debug|Any CPU
		{718DD623-BCB1-418B-81C0-49B93C334CEB}.Debug|Any CPU.Build.0 = Debug|Any CPU
		{718DD623-BCB1-418B-81C0-49B93C334CEB}.Release|Any CPU.ActiveCfg = Release|Any CPU
		{718DD623-BCB1-418B-81C0-49B93C334CEB}.Release|Any CPU.Build.0 = Release|Any CPU
		{E4087736-A1C4-48BD-AEED-62D88103BCBA}.Debug|Any CPU.ActiveCfg = Debug|Any CPU
		{E4087736-A1C4-48BD-AEED-62D88103BCBA}.Debug|Any CPU.Build.0 = Debug|Any CPU
		{E4087736-A1C4-48BD-AEED-62D88103BCBA}.Release|Any CPU.ActiveCfg = Release|Any CPU
		{E4087736-A1C4-48BD-AEED-62D88103BCBA}.Release|Any CPU.Build.0 = Release|Any CPU
		{79B5E61C-BD73-41C5-8070-8CC9B9577DEE}.Debug|Any CPU.ActiveCfg = Debug|Any CPU
		{79B5E61C-BD73-41C5-8070-8CC9B9577DEE}.Debug|Any CPU.Build.0 = Debug|Any CPU
		{79B5E61C-BD73-41C5-8070-8CC9B9577DEE}.Release|Any CPU.ActiveCfg = Release|Any CPU
		{79B5E61C-BD73-41C5-8070-8CC9B9577DEE}.Release|Any CPU.Build.0 = Release|Any CPU
		{6BB9EC24-B471-43DF-BA10-C6F933003241}.Debug|Any CPU.ActiveCfg = Debug|Any CPU
		{6BB9EC24-B471-43DF-BA10-C6F933003241}.Debug|Any CPU.Build.0 = Debug|Any CPU
		{6BB9EC24-B471-43DF-BA10-C6F933003241}.Release|Any CPU.ActiveCfg = Release|Any CPU
		{6BB9EC24-B471-43DF-BA10-C6F933003241}.Release|Any CPU.Build.0 = Release|Any CPU
		{A8F08519-6B6D-46CC-A83A-891DEA942ABA}.Debug|Any CPU.ActiveCfg = Debug|Any CPU
		{A8F08519-6B6D-46CC-A83A-891DEA942ABA}.Debug|Any CPU.Build.0 = Debug|Any CPU
		{A8F08519-6B6D-46CC-A83A-891DEA942ABA}.Release|Any CPU.ActiveCfg = Release|Any CPU
		{A8F08519-6B6D-46CC-A83A-891DEA942ABA}.Release|Any CPU.Build.0 = Release|Any CPU
		{C683EDD6-CB7D-4438-87D1-812F24A60490}.Debug|Any CPU.ActiveCfg = Debug|Any CPU
		{C683EDD6-CB7D-4438-87D1-812F24A60490}.Debug|Any CPU.Build.0 = Debug|Any CPU
		{C683EDD6-CB7D-4438-87D1-812F24A60490}.Release|Any CPU.ActiveCfg = Release|Any CPU
		{C683EDD6-CB7D-4438-87D1-812F24A60490}.Release|Any CPU.Build.0 = Release|Any CPU
		{15B3E0D2-6217-493A-A690-158C497F5318}.Debug|Any CPU.ActiveCfg = Debug|Any CPU
		{15B3E0D2-6217-493A-A690-158C497F5318}.Debug|Any CPU.Build.0 = Debug|Any CPU
		{15B3E0D2-6217-493A-A690-158C497F5318}.Release|Any CPU.ActiveCfg = Release|Any CPU
		{15B3E0D2-6217-493A-A690-158C497F5318}.Release|Any CPU.Build.0 = Release|Any CPU
		{8EDAFCD5-F9E1-4558-9452-D3ABBB8D65A2}.Debug|Any CPU.ActiveCfg = Debug|Any CPU
		{8EDAFCD5-F9E1-4558-9452-D3ABBB8D65A2}.Debug|Any CPU.Build.0 = Debug|Any CPU
		{8EDAFCD5-F9E1-4558-9452-D3ABBB8D65A2}.Release|Any CPU.ActiveCfg = Release|Any CPU
		{8EDAFCD5-F9E1-4558-9452-D3ABBB8D65A2}.Release|Any CPU.Build.0 = Release|Any CPU
		{B918EF9C-7790-4B2D-AF7A-009265A535DC}.Debug|Any CPU.ActiveCfg = Debug|Any CPU
		{B918EF9C-7790-4B2D-AF7A-009265A535DC}.Debug|Any CPU.Build.0 = Debug|Any CPU
		{B918EF9C-7790-4B2D-AF7A-009265A535DC}.Release|Any CPU.ActiveCfg = Release|Any CPU
		{B918EF9C-7790-4B2D-AF7A-009265A535DC}.Release|Any CPU.Build.0 = Release|Any CPU
		{C9FC1B71-ABF7-424A-95B9-7FBCA13D1685}.Debug|Any CPU.ActiveCfg = Debug|Any CPU
		{C9FC1B71-ABF7-424A-95B9-7FBCA13D1685}.Debug|Any CPU.Build.0 = Debug|Any CPU
		{C9FC1B71-ABF7-424A-95B9-7FBCA13D1685}.Release|Any CPU.ActiveCfg = Release|Any CPU
		{C9FC1B71-ABF7-424A-95B9-7FBCA13D1685}.Release|Any CPU.Build.0 = Release|Any CPU
		{45D324A2-22AD-485F-99EC-29C0BEBAD4AC}.Debug|Any CPU.ActiveCfg = Debug|Any CPU
		{45D324A2-22AD-485F-99EC-29C0BEBAD4AC}.Debug|Any CPU.Build.0 = Debug|Any CPU
		{45D324A2-22AD-485F-99EC-29C0BEBAD4AC}.Release|Any CPU.ActiveCfg = Release|Any CPU
		{45D324A2-22AD-485F-99EC-29C0BEBAD4AC}.Release|Any CPU.Build.0 = Release|Any CPU
		{64F0CF29-CCE9-430B-8B44-C1A8CA728A3F}.Debug|Any CPU.ActiveCfg = Debug|Any CPU
		{64F0CF29-CCE9-430B-8B44-C1A8CA728A3F}.Debug|Any CPU.Build.0 = Debug|Any CPU
		{64F0CF29-CCE9-430B-8B44-C1A8CA728A3F}.Release|Any CPU.ActiveCfg = Release|Any CPU
		{64F0CF29-CCE9-430B-8B44-C1A8CA728A3F}.Release|Any CPU.Build.0 = Release|Any CPU
		{B439DDC4-14B3-4771-A655-B42B7393810E}.Debug|Any CPU.ActiveCfg = Debug|Any CPU
		{B439DDC4-14B3-4771-A655-B42B7393810E}.Debug|Any CPU.Build.0 = Debug|Any CPU
		{B439DDC4-14B3-4771-A655-B42B7393810E}.Release|Any CPU.ActiveCfg = Release|Any CPU
		{B439DDC4-14B3-4771-A655-B42B7393810E}.Release|Any CPU.Build.0 = Release|Any CPU
		{95CA306D-75BD-4855-9B91-86609DF67117}.Debug|Any CPU.ActiveCfg = Debug|Any CPU
		{95CA306D-75BD-4855-9B91-86609DF67117}.Debug|Any CPU.Build.0 = Debug|Any CPU
		{95CA306D-75BD-4855-9B91-86609DF67117}.Release|Any CPU.ActiveCfg = Release|Any CPU
		{95CA306D-75BD-4855-9B91-86609DF67117}.Release|Any CPU.Build.0 = Release|Any CPU
		{151C9037-2F93-4003-B8D2-B7079C2C90B6}.Debug|Any CPU.ActiveCfg = Debug|Any CPU
		{151C9037-2F93-4003-B8D2-B7079C2C90B6}.Debug|Any CPU.Build.0 = Debug|Any CPU
		{151C9037-2F93-4003-B8D2-B7079C2C90B6}.Release|Any CPU.ActiveCfg = Release|Any CPU
		{151C9037-2F93-4003-B8D2-B7079C2C90B6}.Release|Any CPU.Build.0 = Release|Any CPU
	EndGlobalSection
	GlobalSection(SolutionProperties) = preSolution
		HideSolutionNode = FALSE
	EndGlobalSection
	GlobalSection(NestedProjects) = preSolution
		{6BB9EC24-B471-43DF-BA10-C6F933003241} = {86F186F8-BFA0-4AFB-AED5-51F22C5B9C07}
		{A8F08519-6B6D-46CC-A83A-891DEA942ABA} = {86F186F8-BFA0-4AFB-AED5-51F22C5B9C07}
		{0D837E32-0495-4E17-8173-0F3FF65B9C12} = {FDA93636-18D9-46F5-B2A5-4FE8CB8AD197}
		{718DD623-BCB1-418B-81C0-49B93C334CEB} = {ECD1879E-53BF-477B-A50A-19799BC7B283}
		{E4087736-A1C4-48BD-AEED-62D88103BCBA} = {ECD1879E-53BF-477B-A50A-19799BC7B283}
		{79B5E61C-BD73-41C5-8070-8CC9B9577DEE} = {ECD1879E-53BF-477B-A50A-19799BC7B283}
		{C683EDD6-CB7D-4438-87D1-812F24A60490} = {ECD1879E-53BF-477B-A50A-19799BC7B283}
		{FE37FCC7-B7F3-483B-908D-63643293167A} = {ECD1879E-53BF-477B-A50A-19799BC7B283}
		{5275C26E-F640-476C-9672-3BE4DFAE9795} = {ECD1879E-53BF-477B-A50A-19799BC7B283}
		{D9A22E7E-07E0-434F-83B2-56F2E27DE055} = {ECD1879E-53BF-477B-A50A-19799BC7B283}
		{151C9037-2F93-4003-B8D2-B7079C2C90B6} = {ECD1879E-53BF-477B-A50A-19799BC7B283}
		{15B3E0D2-6217-493A-A690-158C497F5318} = {5275C26E-F640-476C-9672-3BE4DFAE9795}
		{8EDAFCD5-F9E1-4558-9452-D3ABBB8D65A2} = {5275C26E-F640-476C-9672-3BE4DFAE9795}
		{B918EF9C-7790-4B2D-AF7A-009265A535DC} = {5275C26E-F640-476C-9672-3BE4DFAE9795}
		{C9FC1B71-ABF7-424A-95B9-7FBCA13D1685} = {5275C26E-F640-476C-9672-3BE4DFAE9795}
		{45D324A2-22AD-485F-99EC-29C0BEBAD4AC} = {5275C26E-F640-476C-9672-3BE4DFAE9795}
		{64F0CF29-CCE9-430B-8B44-C1A8CA728A3F} = {5275C26E-F640-476C-9672-3BE4DFAE9795}
		{B439DDC4-14B3-4771-A655-B42B7393810E} = {5275C26E-F640-476C-9672-3BE4DFAE9795}
		{95CA306D-75BD-4855-9B91-86609DF67117} = {D9A22E7E-07E0-434F-83B2-56F2E27DE055}
	EndGlobalSection
EndGlobal
