
Microsoft Visual Studio Solution File, Format Version 12.00
# Visual Studio 2012
Project("{2150E333-8FDC-42A3-9474-1A3956D46DE8}") = "Framework", "Framework", "{4E332F0E-CBAF-4411-AD23-C0405F98D7F7}"
EndProject
Project("{FAE04EC0-301F-11D3-BF4B-00C04F79EFBC}") = "CFInfrastructure", "CFInfrastructure\CFInfrastructure.csproj", "{6BB9EC24-B471-43DF-BA10-C6F933003241}"
EndProject
Project("{2150E333-8FDC-42A3-9474-1A3956D46DE8}") = "Solution Items", "Solution Items", "{041267DE-4298-499A-9A32-51833A4873D7}"
	ProjectSection(SolutionItems) = preProject
		C#-斜杠和反斜杠.docx = C#-斜杠和反斜杠.docx
		Note.doc = Note.doc
	EndProjectSection
EndProject
Project("{2150E333-8FDC-42A3-9474-1A3956D46DE8}") = "Office", "Office", "{BA955027-BE97-45D3-9E50-6F881B126FAC}"
EndProject
Project("{FAE04EC0-301F-11D3-BF4B-00C04F79EFBC}") = "ExcelHelper", "ExcelHelper\ExcelHelper.csproj", "{20C4FC1E-D4AD-4748-83D9-38E5CE831A33}"
EndProject
Project("{FAE04EC0-301F-11D3-BF4B-00C04F79EFBC}") = "ExcelHelperUnitTest", "ExcelHelperUnitTest\ExcelHelperUnitTest.csproj", "{FA53157E-D893-4426-B731-2906D48191C0}"
EndProject
Project("{FAE04EC0-301F-11D3-BF4B-00C04F79EFBC}") = "DotNet.Utilities", "DotNet.Utilities\DotNet.Utilities.csproj", "{643D406D-38E5-4A6E-8308-E48B87A1B69B}"
EndProject
Project("{FAE04EC0-301F-11D3-BF4B-00C04F79EFBC}") = "ConsoleApplication1", "ConsoleApplication1\ConsoleApplication1.csproj", "{E251723F-636C-4436-8DF5-DAAC1BBB34C3}"
EndProject
Project("{2150E333-8FDC-42A3-9474-1A3956D46DE8}") = "Json", "Json", "{B3B31B4D-EEAA-40AB-8884-D305B30937C4}"
EndProject
Project("{FAE04EC0-301F-11D3-BF4B-00C04F79EFBC}") = "Newtonsoft.Json", "Json\Newtonsoft.Json\Newtonsoft.Json.csproj", "{A9AE40FF-1A21-414A-9FE7-3BE13644CC6D}"
EndProject
Project("{FAE04EC0-301F-11D3-BF4B-00C04F79EFBC}") = "Newtonsoft.Json.Tests", "Json\Newtonsoft.Json.Tests\Newtonsoft.Json.Tests.csproj", "{3E6E2335-B079-4B5B-A65A-9D586914BCBB}"
EndProject
Project("{FAE04EC0-301F-11D3-BF4B-00C04F79EFBC}") = "Newtonsoft.Json.Net20", "Json\Newtonsoft.Json\Newtonsoft.Json.Net20.csproj", "{F5230225-EC99-434F-9115-0D68E7E9A992}"
EndProject
Project("{FAE04EC0-301F-11D3-BF4B-00C04F79EFBC}") = "Newtonsoft.Json.Net35", "Json\Newtonsoft.Json\Newtonsoft.Json.Net35.csproj", "{0F142585-59AF-4801-943F-B71C9D865DCE}"
EndProject
Project("{FAE04EC0-301F-11D3-BF4B-00C04F79EFBC}") = "Newtonsoft.Json.Tests.Net20", "Json\Newtonsoft.Json.Tests\Newtonsoft.Json.Tests.Net20.csproj", "{27C9F4EF-E24D-4854-AB3E-C1DA308AE46E}"
EndProject
Project("{FAE04EC0-301F-11D3-BF4B-00C04F79EFBC}") = "Newtonsoft.Json.Tests.Net35", "Json\Newtonsoft.Json.Tests\Newtonsoft.Json.Tests.Net35.csproj", "{07EBBBF6-F8AB-4820-BB43-5F49E3557E85}"
EndProject
Project("{2150E333-8FDC-42A3-9474-1A3956D46DE8}") = "Utilities", "Utilities", "{726973AC-3748-489A-AF6E-0F752B5E1B85}"
EndProject
Project("{FAE04EC0-301F-11D3-BF4B-00C04F79EFBC}") = "Utilities", "Utilities\Utilities.csproj", "{6484E13B-6FA0-4994-B6F6-658D696F0F3D}"
EndProject
Project("{FAE04EC0-301F-11D3-BF4B-00C04F79EFBC}") = "UtiltiesTest", "UtiltiesTest\UtiltiesTest.csproj", "{E8638523-E3B3-4365-84E5-49CD291BBE9F}"
EndProject
Project("{2150E333-8FDC-42A3-9474-1A3956D46DE8}") = "T4", "T4", "{B6322D0D-CFAD-41B5-B851-FCE23BF2EAEE}"
EndProject
Project("{FAE04EC0-301F-11D3-BF4B-00C04F79EFBC}") = "CodeFirst", "CodeFirst\CodeFirst.csproj", "{B730892A-36B8-49E2-8E77-BC2BB10352B8}"
EndProject
Project("{FAE04EC0-301F-11D3-BF4B-00C04F79EFBC}") = "FileAutoGeneration", "FileAutoGeneration\FileAutoGeneration.csproj", "{6F85FF58-8077-4E83-905B-50D65BA24099}"
EndProject
Global
	GlobalSection(SolutionConfigurationPlatforms) = preSolution
		Debug|Any CPU = Debug|Any CPU
		Debug|x86 = Debug|x86
		Release|Any CPU = Release|Any CPU
		Release|x86 = Release|x86
	EndGlobalSection
	GlobalSection(ProjectConfigurationPlatforms) = postSolution
		{6BB9EC24-B471-43DF-BA10-C6F933003241}.Debug|Any CPU.ActiveCfg = Debug|Any CPU
		{6BB9EC24-B471-43DF-BA10-C6F933003241}.Debug|Any CPU.Build.0 = Debug|Any CPU
		{6BB9EC24-B471-43DF-BA10-C6F933003241}.Debug|x86.ActiveCfg = Debug|Any CPU
		{6BB9EC24-B471-43DF-BA10-C6F933003241}.Release|Any CPU.ActiveCfg = Release|Any CPU
		{6BB9EC24-B471-43DF-BA10-C6F933003241}.Release|Any CPU.Build.0 = Release|Any CPU
		{6BB9EC24-B471-43DF-BA10-C6F933003241}.Release|x86.ActiveCfg = Release|Any CPU
		{20C4FC1E-D4AD-4748-83D9-38E5CE831A33}.Debug|Any CPU.ActiveCfg = Debug|Any CPU
		{20C4FC1E-D4AD-4748-83D9-38E5CE831A33}.Debug|Any CPU.Build.0 = Debug|Any CPU
		{20C4FC1E-D4AD-4748-83D9-38E5CE831A33}.Debug|x86.ActiveCfg = Debug|Any CPU
		{20C4FC1E-D4AD-4748-83D9-38E5CE831A33}.Release|Any CPU.ActiveCfg = Release|Any CPU
		{20C4FC1E-D4AD-4748-83D9-38E5CE831A33}.Release|Any CPU.Build.0 = Release|Any CPU
		{20C4FC1E-D4AD-4748-83D9-38E5CE831A33}.Release|x86.ActiveCfg = Release|Any CPU
		{FA53157E-D893-4426-B731-2906D48191C0}.Debug|Any CPU.ActiveCfg = Debug|Any CPU
		{FA53157E-D893-4426-B731-2906D48191C0}.Debug|Any CPU.Build.0 = Debug|Any CPU
		{FA53157E-D893-4426-B731-2906D48191C0}.Debug|x86.ActiveCfg = Debug|Any CPU
		{FA53157E-D893-4426-B731-2906D48191C0}.Release|Any CPU.ActiveCfg = Release|Any CPU
		{FA53157E-D893-4426-B731-2906D48191C0}.Release|Any CPU.Build.0 = Release|Any CPU
		{FA53157E-D893-4426-B731-2906D48191C0}.Release|x86.ActiveCfg = Release|Any CPU
		{643D406D-38E5-4A6E-8308-E48B87A1B69B}.Debug|Any CPU.ActiveCfg = Debug|Any CPU
		{643D406D-38E5-4A6E-8308-E48B87A1B69B}.Debug|Any CPU.Build.0 = Debug|Any CPU
		{643D406D-38E5-4A6E-8308-E48B87A1B69B}.Debug|x86.ActiveCfg = Debug|Any CPU
		{643D406D-38E5-4A6E-8308-E48B87A1B69B}.Release|Any CPU.ActiveCfg = Release|Any CPU
		{643D406D-38E5-4A6E-8308-E48B87A1B69B}.Release|Any CPU.Build.0 = Release|Any CPU
		{643D406D-38E5-4A6E-8308-E48B87A1B69B}.Release|x86.ActiveCfg = Release|Any CPU
		{E251723F-636C-4436-8DF5-DAAC1BBB34C3}.Debug|Any CPU.ActiveCfg = Debug|Any CPU
		{E251723F-636C-4436-8DF5-DAAC1BBB34C3}.Debug|Any CPU.Build.0 = Debug|Any CPU
		{E251723F-636C-4436-8DF5-DAAC1BBB34C3}.Debug|x86.ActiveCfg = Debug|Any CPU
		{E251723F-636C-4436-8DF5-DAAC1BBB34C3}.Release|Any CPU.ActiveCfg = Release|Any CPU
		{E251723F-636C-4436-8DF5-DAAC1BBB34C3}.Release|Any CPU.Build.0 = Release|Any CPU
		{E251723F-636C-4436-8DF5-DAAC1BBB34C3}.Release|x86.ActiveCfg = Release|Any CPU
		{A9AE40FF-1A21-414A-9FE7-3BE13644CC6D}.Debug|Any CPU.ActiveCfg = Debug|Any CPU
		{A9AE40FF-1A21-414A-9FE7-3BE13644CC6D}.Debug|Any CPU.Build.0 = Debug|Any CPU
		{A9AE40FF-1A21-414A-9FE7-3BE13644CC6D}.Debug|x86.ActiveCfg = Debug|Any CPU
		{A9AE40FF-1A21-414A-9FE7-3BE13644CC6D}.Release|Any CPU.ActiveCfg = Release|Any CPU
		{A9AE40FF-1A21-414A-9FE7-3BE13644CC6D}.Release|Any CPU.Build.0 = Release|Any CPU
		{A9AE40FF-1A21-414A-9FE7-3BE13644CC6D}.Release|x86.ActiveCfg = Release|Any CPU
		{3E6E2335-B079-4B5B-A65A-9D586914BCBB}.Debug|Any CPU.ActiveCfg = Debug|Any CPU
		{3E6E2335-B079-4B5B-A65A-9D586914BCBB}.Debug|Any CPU.Build.0 = Debug|Any CPU
		{3E6E2335-B079-4B5B-A65A-9D586914BCBB}.Debug|x86.ActiveCfg = Debug|Any CPU
		{3E6E2335-B079-4B5B-A65A-9D586914BCBB}.Release|Any CPU.ActiveCfg = Release|Any CPU
		{3E6E2335-B079-4B5B-A65A-9D586914BCBB}.Release|Any CPU.Build.0 = Release|Any CPU
		{3E6E2335-B079-4B5B-A65A-9D586914BCBB}.Release|x86.ActiveCfg = Release|Any CPU
		{F5230225-EC99-434F-9115-0D68E7E9A992}.Debug|Any CPU.ActiveCfg = Debug|Any CPU
		{F5230225-EC99-434F-9115-0D68E7E9A992}.Debug|Any CPU.Build.0 = Debug|Any CPU
		{F5230225-EC99-434F-9115-0D68E7E9A992}.Debug|x86.ActiveCfg = Debug|Any CPU
		{F5230225-EC99-434F-9115-0D68E7E9A992}.Release|Any CPU.ActiveCfg = Release|Any CPU
		{F5230225-EC99-434F-9115-0D68E7E9A992}.Release|Any CPU.Build.0 = Release|Any CPU
		{F5230225-EC99-434F-9115-0D68E7E9A992}.Release|x86.ActiveCfg = Release|Any CPU
		{0F142585-59AF-4801-943F-B71C9D865DCE}.Debug|Any CPU.ActiveCfg = Debug|Any CPU
		{0F142585-59AF-4801-943F-B71C9D865DCE}.Debug|Any CPU.Build.0 = Debug|Any CPU
		{0F142585-59AF-4801-943F-B71C9D865DCE}.Debug|x86.ActiveCfg = Debug|Any CPU
		{0F142585-59AF-4801-943F-B71C9D865DCE}.Release|Any CPU.ActiveCfg = Release|Any CPU
		{0F142585-59AF-4801-943F-B71C9D865DCE}.Release|Any CPU.Build.0 = Release|Any CPU
		{0F142585-59AF-4801-943F-B71C9D865DCE}.Release|x86.ActiveCfg = Release|Any CPU
		{27C9F4EF-E24D-4854-AB3E-C1DA308AE46E}.Debug|Any CPU.ActiveCfg = Debug|Any CPU
		{27C9F4EF-E24D-4854-AB3E-C1DA308AE46E}.Debug|Any CPU.Build.0 = Debug|Any CPU
		{27C9F4EF-E24D-4854-AB3E-C1DA308AE46E}.Debug|x86.ActiveCfg = Debug|Any CPU
		{27C9F4EF-E24D-4854-AB3E-C1DA308AE46E}.Release|Any CPU.ActiveCfg = Release|Any CPU
		{27C9F4EF-E24D-4854-AB3E-C1DA308AE46E}.Release|Any CPU.Build.0 = Release|Any CPU
		{27C9F4EF-E24D-4854-AB3E-C1DA308AE46E}.Release|x86.ActiveCfg = Release|Any CPU
		{07EBBBF6-F8AB-4820-BB43-5F49E3557E85}.Debug|Any CPU.ActiveCfg = Debug|Any CPU
		{07EBBBF6-F8AB-4820-BB43-5F49E3557E85}.Debug|Any CPU.Build.0 = Debug|Any CPU
		{07EBBBF6-F8AB-4820-BB43-5F49E3557E85}.Debug|x86.ActiveCfg = Debug|Any CPU
		{07EBBBF6-F8AB-4820-BB43-5F49E3557E85}.Release|Any CPU.ActiveCfg = Release|Any CPU
		{07EBBBF6-F8AB-4820-BB43-5F49E3557E85}.Release|Any CPU.Build.0 = Release|Any CPU
		{07EBBBF6-F8AB-4820-BB43-5F49E3557E85}.Release|x86.ActiveCfg = Release|Any CPU
		{6484E13B-6FA0-4994-B6F6-658D696F0F3D}.Debug|Any CPU.ActiveCfg = Debug|Any CPU
		{6484E13B-6FA0-4994-B6F6-658D696F0F3D}.Debug|Any CPU.Build.0 = Debug|Any CPU
		{6484E13B-6FA0-4994-B6F6-658D696F0F3D}.Debug|x86.ActiveCfg = Debug|Any CPU
		{6484E13B-6FA0-4994-B6F6-658D696F0F3D}.Release|Any CPU.ActiveCfg = Release|Any CPU
		{6484E13B-6FA0-4994-B6F6-658D696F0F3D}.Release|Any CPU.Build.0 = Release|Any CPU
		{6484E13B-6FA0-4994-B6F6-658D696F0F3D}.Release|x86.ActiveCfg = Release|Any CPU
		{E8638523-E3B3-4365-84E5-49CD291BBE9F}.Debug|Any CPU.ActiveCfg = Debug|Any CPU
		{E8638523-E3B3-4365-84E5-49CD291BBE9F}.Debug|Any CPU.Build.0 = Debug|Any CPU
		{E8638523-E3B3-4365-84E5-49CD291BBE9F}.Debug|x86.ActiveCfg = Debug|Any CPU
		{E8638523-E3B3-4365-84E5-49CD291BBE9F}.Release|Any CPU.ActiveCfg = Release|Any CPU
		{E8638523-E3B3-4365-84E5-49CD291BBE9F}.Release|Any CPU.Build.0 = Release|Any CPU
		{E8638523-E3B3-4365-84E5-49CD291BBE9F}.Release|x86.ActiveCfg = Release|Any CPU
		{B730892A-36B8-49E2-8E77-BC2BB10352B8}.Debug|Any CPU.ActiveCfg = Debug|Any CPU
		{B730892A-36B8-49E2-8E77-BC2BB10352B8}.Debug|Any CPU.Build.0 = Debug|Any CPU
		{B730892A-36B8-49E2-8E77-BC2BB10352B8}.Debug|x86.ActiveCfg = Debug|Any CPU
		{B730892A-36B8-49E2-8E77-BC2BB10352B8}.Release|Any CPU.ActiveCfg = Release|Any CPU
		{B730892A-36B8-49E2-8E77-BC2BB10352B8}.Release|Any CPU.Build.0 = Release|Any CPU
		{B730892A-36B8-49E2-8E77-BC2BB10352B8}.Release|x86.ActiveCfg = Release|Any CPU
		{6F85FF58-8077-4E83-905B-50D65BA24099}.Debug|Any CPU.ActiveCfg = Debug|Any CPU
		{6F85FF58-8077-4E83-905B-50D65BA24099}.Debug|Any CPU.Build.0 = Debug|Any CPU
		{6F85FF58-8077-4E83-905B-50D65BA24099}.Debug|x86.ActiveCfg = Debug|Any CPU
		{6F85FF58-8077-4E83-905B-50D65BA24099}.Release|Any CPU.ActiveCfg = Release|Any CPU
		{6F85FF58-8077-4E83-905B-50D65BA24099}.Release|Any CPU.Build.0 = Release|Any CPU
		{6F85FF58-8077-4E83-905B-50D65BA24099}.Release|x86.ActiveCfg = Release|Any CPU
	EndGlobalSection
	GlobalSection(SolutionProperties) = preSolution
		HideSolutionNode = FALSE
	EndGlobalSection
	GlobalSection(NestedProjects) = preSolution
		{6BB9EC24-B471-43DF-BA10-C6F933003241} = {4E332F0E-CBAF-4411-AD23-C0405F98D7F7}
		{20C4FC1E-D4AD-4748-83D9-38E5CE831A33} = {BA955027-BE97-45D3-9E50-6F881B126FAC}
		{FA53157E-D893-4426-B731-2906D48191C0} = {BA955027-BE97-45D3-9E50-6F881B126FAC}
		{A9AE40FF-1A21-414A-9FE7-3BE13644CC6D} = {B3B31B4D-EEAA-40AB-8884-D305B30937C4}
		{3E6E2335-B079-4B5B-A65A-9D586914BCBB} = {B3B31B4D-EEAA-40AB-8884-D305B30937C4}
		{F5230225-EC99-434F-9115-0D68E7E9A992} = {B3B31B4D-EEAA-40AB-8884-D305B30937C4}
		{0F142585-59AF-4801-943F-B71C9D865DCE} = {B3B31B4D-EEAA-40AB-8884-D305B30937C4}
		{27C9F4EF-E24D-4854-AB3E-C1DA308AE46E} = {B3B31B4D-EEAA-40AB-8884-D305B30937C4}
		{07EBBBF6-F8AB-4820-BB43-5F49E3557E85} = {B3B31B4D-EEAA-40AB-8884-D305B30937C4}
		{6484E13B-6FA0-4994-B6F6-658D696F0F3D} = {726973AC-3748-489A-AF6E-0F752B5E1B85}
		{E8638523-E3B3-4365-84E5-49CD291BBE9F} = {726973AC-3748-489A-AF6E-0F752B5E1B85}
		{B730892A-36B8-49E2-8E77-BC2BB10352B8} = {B6322D0D-CFAD-41B5-B851-FCE23BF2EAEE}
		{6F85FF58-8077-4E83-905B-50D65BA24099} = {B6322D0D-CFAD-41B5-B851-FCE23BF2EAEE}
	EndGlobalSection
EndGlobal
